
Microsoft Visual Studio Solution File, Format Version 12.00
# Visual Studio Version 17
VisualStudioVersion = 17.8.34330.188
MinimumVisualStudioVersion = 10.0.40219.1
Project("{FAE04EC0-301F-11D3-BF4B-00C04F79EFBC}") = "NotKayit", "NotKayit\NotKayit.csproj", "{CE6784F5-7C0B-411E-9687-37DE28F54300}"
EndProject
Global
	GlobalSection(SolutionConfigurationPlatforms) = preSolution
		Debug|Any CPU = Debug|Any CPU
		Release|Any CPU = Release|Any CPU
	EndGlobalSection
	GlobalSection(ProjectConfigurationPlatforms) = postSolution
		{CE6784F5-7C0B-411E-9687-37DE28F54300}.Debug|Any CPU.ActiveCfg = Debug|Any CPU
		{CE6784F5-7C0B-411E-9687-37DE28F54300}.Debug|Any CPU.Build.0 = Debug|Any CPU
		{CE6784F5-7C0B-411E-9687-37DE28F54300}.Release|Any CPU.ActiveCfg = Release|Any CPU
		{CE6784F5-7C0B-411E-9687-37DE28F54300}.Release|Any CPU.Build.0 = Release|Any CPU
	EndGlobalSection
	GlobalSection(SolutionProperties) = preSolution
		HideSolutionNode = FALSE
	EndGlobalSection
	GlobalSection(ExtensibilityGlobals) = postSolution
		SolutionGuid = {E8BEF8A4-A686-4572-A79A-E6CF60682E8A}
	EndGlobalSection
EndGlobal
